
Microsoft Visual Studio Solution File, Format Version 12.00
# Visual Studio 2012
Project("{FAE04EC0-301F-11D3-BF4B-00C04F79EFBC}") = "B-Tree", "B-Tree\B-Tree.csproj", "{2E427384-89E9-4E5A-B31D-B6FDF50C21CF}"
EndProject
Global
	GlobalSection(SolutionConfigurationPlatforms) = preSolution
		Debug|Any CPU = Debug|Any CPU
		Release|Any CPU = Release|Any CPU
	EndGlobalSection
	GlobalSection(ProjectConfigurationPlatforms) = postSolution
		{2E427384-89E9-4E5A-B31D-B6FDF50C21CF}.Debug|Any CPU.ActiveCfg = Debug|Any CPU
		{2E427384-89E9-4E5A-B31D-B6FDF50C21CF}.Debug|Any CPU.Build.0 = Debug|Any CPU
		{2E427384-89E9-4E5A-B31D-B6FDF50C21CF}.Release|Any CPU.ActiveCfg = Release|Any CPU
		{2E427384-89E9-4E5A-B31D-B6FDF50C21CF}.Release|Any CPU.Build.0 = Release|Any CPU
	EndGlobalSection
	GlobalSection(SolutionProperties) = preSolution
		HideSolutionNode = FALSE
	EndGlobalSection
EndGlobal
